// !$*UTF8*$!
{
	archiveVersion = 1;
	classes = {
	};
	objectVersion = 46;
	objects = {

/* Begin PBXBuildFile section */
		2E17C6E01C1E7A31003ED62A /* ShowResult.swift in Sources */ = {isa = PBXBuildFile; fileRef = 2E17C6DF1C1E7A31003ED62A /* ShowResult.swift */; };
		2EB056DF1C1C4D5600834677 /* AppDelegate.swift in Sources */ = {isa = PBXBuildFile; fileRef = 2EB056DE1C1C4D5600834677 /* AppDelegate.swift */; };
		2EB056E11C1C4D5600834677 /* ViewController.swift in Sources */ = {isa = PBXBuildFile; fileRef = 2EB056E01C1C4D5600834677 /* ViewController.swift */; };
		2EB056E41C1C4D5600834677 /* Main.storyboard in Resources */ = {isa = PBXBuildFile; fileRef = 2EB056E21C1C4D5600834677 /* Main.storyboard */; };
		2EB056E61C1C4D5600834677 /* Assets.xcassets in Resources */ = {isa = PBXBuildFile; fileRef = 2EB056E51C1C4D5600834677 /* Assets.xcassets */; };
		2EB056E91C1C4D5600834677 /* LaunchScreen.storyboard in Resources */ = {isa = PBXBuildFile; fileRef = 2EB056E71C1C4D5600834677 /* LaunchScreen.storyboard */; };
		2EB056F41C1C4D5600834677 /* FibonacciTests.swift in Sources */ = {isa = PBXBuildFile; fileRef = 2EB056F31C1C4D5600834677 /* FibonacciTests.swift */; };
/* End PBXBuildFile section */

/* Begin PBXContainerItemProxy section */
		2EB056F01C1C4D5600834677 /* PBXContainerItemProxy */ = {
			isa = PBXContainerItemProxy;
			containerPortal = 2EB056D31C1C4D5600834677 /* Project object */;
			proxyType = 1;
			remoteGlobalIDString = 2EB056DA1C1C4D5600834677;
			remoteInfo = Fibonacci;
		};
/* End PBXContainerItemProxy section */

/* Begin PBXFileReference section */
		2E17C6DF1C1E7A31003ED62A /* ShowResult.swift */ = {isa = PBXFileReference; fileEncoding = 4; lastKnownFileType = sourcecode.swift; path = ShowResult.swift; sourceTree = "<group>"; };
		2EB056DB1C1C4D5600834677 /* Fibonacci.app */ = {isa = PBXFileReference; explicitFileType = wrapper.application; includeInIndex = 0; path = Fibonacci.app; sourceTree = BUILT_PRODUCTS_DIR; };
		2EB056DE1C1C4D5600834677 /* AppDelegate.swift */ = {isa = PBXFileReference; lastKnownFileType = sourcecode.swift; path = AppDelegate.swift; sourceTree = "<group>"; };
		2EB056E01C1C4D5600834677 /* ViewController.swift */ = {isa = PBXFileReference; lastKnownFileType = sourcecode.swift; path = ViewController.swift; sourceTree = "<group>"; };
		2EB056E31C1C4D5600834677 /* Base */ = {isa = PBXFileReference; lastKnownFileType = file.storyboard; name = Base; path = Base.lproj/Main.storyboard; sourceTree = "<group>"; };
		2EB056E51C1C4D5600834677 /* Assets.xcassets */ = {isa = PBXFileReference; lastKnownFileType = folder.assetcatalog; path = Assets.xcassets; sourceTree = "<group>"; };
		2EB056E81C1C4D5600834677 /* Base */ = {isa = PBXFileReference; lastKnownFileType = file.storyboard; name = Base; path = Base.lproj/LaunchScreen.storyboard; sourceTree = "<group>"; };
		2EB056EA1C1C4D5600834677 /* Info.plist */ = {isa = PBXFileReference; lastKnownFileType = text.plist.xml; path = Info.plist; sourceTree = "<group>"; };
		2EB056EF1C1C4D5600834677 /* FibonacciTests.xctest */ = {isa = PBXFileReference; explicitFileType = wrapper.cfbundle; includeInIndex = 0; path = FibonacciTests.xctest; sourceTree = BUILT_PRODUCTS_DIR; };
		2EB056F31C1C4D5600834677 /* FibonacciTests.swift */ = {isa = PBXFileReference; lastKnownFileType = sourcecode.swift; path = FibonacciTests.swift; sourceTree = "<group>"; };
		2EB056F51C1C4D5600834677 /* Info.plist */ = {isa = PBXFileReference; lastKnownFileType = text.plist.xml; path = Info.plist; sourceTree = "<group>"; };
/* End PBXFileReference section */

/* Begin PBXFrameworksBuildPhase section */
		2EB056D81C1C4D5600834677 /* Frameworks */ = {
			isa = PBXFrameworksBuildPhase;
			buildActionMask = 2147483647;
			files = (
			);
			runOnlyForDeploymentPostprocessing = 0;
		};
		2EB056EC1C1C4D5600834677 /* Frameworks */ = {
			isa = PBXFrameworksBuildPhase;
			buildActionMask = 2147483647;
			files = (
			);
			runOnlyForDeploymentPostprocessing = 0;
		};
/* End PBXFrameworksBuildPhase section */

/* Begin PBXGroup section */
		2EB056D21C1C4D5600834677 = {
			isa = PBXGroup;
			children = (
				2EB056DD1C1C4D5600834677 /* Fibonacci */,
				2EB056F21C1C4D5600834677 /* FibonacciTests */,
				2EB056DC1C1C4D5600834677 /* Products */,
			);
			sourceTree = "<group>";
		};
		2EB056DC1C1C4D5600834677 /* Products */ = {
			isa = PBXGroup;
			children = (
				2EB056DB1C1C4D5600834677 /* Fibonacci.app */,
				2EB056EF1C1C4D5600834677 /* FibonacciTests.xctest */,
			);
			name = Products;
			sourceTree = "<group>";
		};
		2EB056DD1C1C4D5600834677 /* Fibonacci */ = {
			isa = PBXGroup;
			children = (
				2EB056DE1C1C4D5600834677 /* AppDelegate.swift */,
				2EB056E01C1C4D5600834677 /* ViewController.swift */,
				2EB056E21C1C4D5600834677 /* Main.storyboard */,
				2E17C6DF1C1E7A31003ED62A /* ShowResult.swift */,
				2EB056E51C1C4D5600834677 /* Assets.xcassets */,
				2EB056E71C1C4D5600834677 /* LaunchScreen.storyboard */,
				2EB056EA1C1C4D5600834677 /* Info.plist */,
			);
			path = Fibonacci;
			sourceTree = "<group>";
		};
		2EB056F21C1C4D5600834677 /* FibonacciTests */ = {
			isa = PBXGroup;
			children = (
				2EB056F31C1C4D5600834677 /* FibonacciTests.swift */,
				2EB056F51C1C4D5600834677 /* Info.plist */,
			);
			path = FibonacciTests;
			sourceTree = "<group>";
		};
/* End PBXGroup section */

/* Begin PBXNativeTarget section */
		2EB056DA1C1C4D5600834677 /* Fibonacci */ = {
			isa = PBXNativeTarget;
			buildConfigurationList = 2EB056F81C1C4D5600834677 /* Build configuration list for PBXNativeTarget "Fibonacci" */;
			buildPhases = (
				2EB056D71C1C4D5600834677 /* Sources */,
				2EB056D81C1C4D5600834677 /* Frameworks */,
				2EB056D91C1C4D5600834677 /* Resources */,
			);
			buildRules = (
			);
			dependencies = (
			);
			name = Fibonacci;
			productName = Fibonacci;
			productReference = 2EB056DB1C1C4D5600834677 /* Fibonacci.app */;
			productType = "com.apple.product-type.application";
		};
		2EB056EE1C1C4D5600834677 /* FibonacciTests */ = {
			isa = PBXNativeTarget;
			buildConfigurationList = 2EB056FB1C1C4D5600834677 /* Build configuration list for PBXNativeTarget "FibonacciTests" */;
			buildPhases = (
				2EB056EB1C1C4D5600834677 /* Sources */,
				2EB056EC1C1C4D5600834677 /* Frameworks */,
				2EB056ED1C1C4D5600834677 /* Resources */,
			);
			buildRules = (
			);
			dependencies = (
				2EB056F11C1C4D5600834677 /* PBXTargetDependency */,
			);
			name = FibonacciTests;
			productName = FibonacciTests;
			productReference = 2EB056EF1C1C4D5600834677 /* FibonacciTests.xctest */;
			productType = "com.apple.product-type.bundle.unit-test";
		};
/* End PBXNativeTarget section */

/* Begin PBXProject section */
		2EB056D31C1C4D5600834677 /* Project object */ = {
			isa = PBXProject;
			attributes = {
				LastSwiftUpdateCheck = 0720;
				LastUpgradeCheck = 0720;
				ORGANIZATIONNAME = "Amy Chow";
				TargetAttributes = {
					2EB056DA1C1C4D5600834677 = {
						CreatedOnToolsVersion = 7.2;
					};
					2EB056EE1C1C4D5600834677 = {
						CreatedOnToolsVersion = 7.2;
						TestTargetID = 2EB056DA1C1C4D5600834677;
					};
				};
			};
			buildConfigurationList = 2EB056D61C1C4D5600834677 /* Build configuration list for PBXProject "Fibonacci" */;
			compatibilityVersion = "Xcode 3.2";
			developmentRegion = English;
			hasScannedForEncodings = 0;
			knownRegions = (
				en,
				Base,
			);
			mainGroup = 2EB056D21C1C4D5600834677;
			productRefGroup = 2EB056DC1C1C4D5600834677 /* Products */;
			projectDirPath = "";
			projectRoot = "";
			targets = (
				2EB056DA1C1C4D5600834677 /* Fibonacci */,
				2EB056EE1C1C4D5600834677 /* FibonacciTests */,
			);
		};
/* End PBXProject section */

/* Begin PBXResourcesBuildPhase section */
		2EB056D91C1C4D5600834677 /* Resources */ = {
			isa = PBXResourcesBuildPhase;
			buildActionMask = 2147483647;
			files = (
				2EB056E91C1C4D5600834677 /* LaunchScreen.storyboard in Resources */,
				2EB056E61C1C4D5600834677 /* Assets.xcassets in Resources */,
				2EB056E41C1C4D5600834677 /* Main.storyboard in Resources */,
			);
			runOnlyForDeploymentPostprocessing = 0;
		};
		2EB056ED1C1C4D5600834677 /* Resources */ = {
			isa = PBXResourcesBuildPhase;
			buildActionMask = 2147483647;
			files = (
			);
			runOnlyForDeploymentPostprocessing = 0;
		};
/* End PBXResourcesBuildPhase section */

/* Begin PBXSourcesBuildPhase section */
		2EB056D71C1C4D5600834677 /* Sources */ = {
			isa = PBXSourcesBuildPhase;
			buildActionMask = 2147483647;
			files = (
				2EB056E11C1C4D5600834677 /* ViewController.swift in Sources */,
				2EB056DF1C1C4D5600834677 /* AppDelegate.swift in Sources */,
				2E17C6E01C1E7A31003ED62A /* ShowResult.swift in Sources */,
			);
			runOnlyForDeploymentPostprocessing = 0;
		};
		2EB056EB1C1C4D5600834677 /* Sources */ = {
			isa = PBXSourcesBuildPhase;
			buildActionMask = 2147483647;
			files = (
				2EB056F41C1C4D5600834677 /* FibonacciTests.swift in Sources */,
			);
			runOnlyForDeploymentPostprocessing = 0;
		};
/* End PBXSourcesBuildPhase section */

/* Begin PBXTargetDependency section */
		2EB056F11C1C4D5600834677 /* PBXTargetDependency */ = {
			isa = PBXTargetDependency;
			target = 2EB056DA1C1C4D5600834677 /* Fibonacci */;
			targetProxy = 2EB056F01C1C4D5600834677 /* PBXContainerItemProxy */;
		};
/* End PBXTargetDependency section */

/* Begin PBXVariantGroup section */
		2EB056E21C1C4D5600834677 /* Main.storyboard */ = {
			isa = PBXVariantGroup;
			children = (
				2EB056E31C1C4D5600834677 /* Base */,
			);
			name = Main.storyboard;
			sourceTree = "<group>";
		};
		2EB056E71C1C4D5600834677 /* LaunchScreen.storyboard */ = {
			isa = PBXVariantGroup;
			children = (
				2EB056E81C1C4D5600834677 /* Base */,
			);
			name = LaunchScreen.storyboard;
			sourceTree = "<group>";
		};
/* End PBXVariantGroup section */

/* Begin XCBuildConfiguration section */
		2EB056F61C1C4D5600834677 /* Debug */ = {
			isa = XCBuildConfiguration;
			buildSettings = {
				ALWAYS_SEARCH_USER_PATHS = NO;
				CLANG_CXX_LANGUAGE_STANDARD = "gnu++0x";
				CLANG_CXX_LIBRARY = "libc++";
				CLANG_ENABLE_MODULES = YES;
				CLANG_ENABLE_OBJC_ARC = YES;
				CLANG_WARN_BOOL_CONVERSION = YES;
				CLANG_WARN_CONSTANT_CONVERSION = YES;
				CLANG_WARN_DIRECT_OBJC_ISA_USAGE = YES_ERROR;
				CLANG_WARN_EMPTY_BODY = YES;
				CLANG_WARN_ENUM_CONVERSION = YES;
				CLANG_WARN_INT_CONVERSION = YES;
				CLANG_WARN_OBJC_ROOT_CLASS = YES_ERROR;
				CLANG_WARN_UNREACHABLE_CODE = YES;
				CLANG_WARN__DUPLICATE_METHOD_MATCH = YES;
				"CODE_SIGN_IDENTITY[sdk=iphoneos*]" = "iPhone Developer";
				COPY_PHASE_STRIP = NO;
				DEBUG_INFORMATION_FORMAT = dwarf;
				ENABLE_STRICT_OBJC_MSGSEND = YES;
				ENABLE_TESTABILITY = YES;
				GCC_C_LANGUAGE_STANDARD = gnu99;
				GCC_DYNAMIC_NO_PIC = NO;
				GCC_NO_COMMON_BLOCKS = YES;
				GCC_OPTIMIZATION_LEVEL = 0;
				GCC_PREPROCESSOR_DEFINITIONS = (
					"DEBUG=1",
					"$(inherited)",
				);
				GCC_WARN_64_TO_32_BIT_CONVERSION = YES;
				GCC_WARN_ABOUT_RETURN_TYPE = YES_ERROR;
				GCC_WARN_UNDECLARED_SELECTOR = YES;
				GCC_WARN_UNINITIALIZED_AUTOS = YES_AGGRESSIVE;
				GCC_WARN_UNUSED_FUNCTION = YES;
				GCC_WARN_UNUSED_VARIABLE = YES;
				IPHONEOS_DEPLOYMENT_TARGET = 9.2;
				MTL_ENABLE_DEBUG_INFO = YES;
				ONLY_ACTIVE_ARCH = YES;
				SDKROOT = iphoneos;
				SWIFT_OPTIMIZATION_LEVEL = "-Onone";
				TARGETED_DEVICE_FAMILY = "1,2";
			};
			name = Debug;
		};
		2EB056F71C1C4D5600834677 /* Release */ = {
			isa = XCBuildConfiguration;
			buildSettings = {
				ALWAYS_SEARCH_USER_PATHS = NO;
				CLANG_CXX_LANGUAGE_STANDARD = "gnu++0x";
				CLANG_CXX_LIBRARY = "libc++";
				CLANG_ENABLE_MODULES = YES;
				CLANG_ENABLE_OBJC_ARC = YES;
				CLANG_WARN_BOOL_CONVERSION = YES;
				CLANG_WARN_CONSTANT_CONVERSION = YES;
				CLANG_WARN_DIRECT_OBJC_ISA_USAGE = YES_ERROR;
				CLANG_WARN_EMPTY_BODY = YES;
				CLANG_WARN_ENUM_CONVERSION = YES;
				CLANG_WARN_INT_CONVERSION = YES;
				CLANG_WARN_OBJC_ROOT_CLASS = YES_ERROR;
				CLANG_WARN_UNREACHABLE_CODE = YES;
				CLANG_WARN__DUPLICATE_METHOD_MATCH = YES;
				"CODE_SIGN_IDENTITY[sdk=iphoneos*]" = "iPhone Developer";
				COPY_PHASE_STRIP = NO;
				DEBUG_INFORMATION_FORMAT = "dwarf-with-dsym";
				ENABLE_NS_ASSERTIONS = NO;
				ENABLE_STRICT_OBJC_MSGSEND = YES;
				GCC_C_LANGUAGE_STANDARD = gnu99;
				GCC_NO_COMMON_BLOCKS = YES;
				GCC_WARN_64_TO_32_BIT_CONVERSION = YES;
				GCC_WARN_ABOUT_RETURN_TYPE = YES_ERROR;
				GCC_WARN_UNDECLARED_SELECTOR = YES;
				GCC_WARN_UNINITIALIZED_AUTOS = YES_AGGRESSIVE;
				GCC_WARN_UNUSED_FUNCTION = YES;
				GCC_WARN_UNUSED_VARIABLE = YES;
				IPHONEOS_DEPLOYMENT_TARGET = 9.2;
				MTL_ENABLE_DEBUG_INFO = NO;
				SDKROOT = iphoneos;
				TARGETED_DEVICE_FAMILY = "1,2";
				VALIDATE_PRODUCT = YES;
			};
			name = Release;
		};
		2EB056F91C1C4D5600834677 /* Debug */ = {
			isa = XCBuildConfiguration;
			buildSettings = {
				ASSETCATALOG_COMPILER_APPICON_NAME = AppIcon;
				INFOPLIST_FILE = Fibonacci/Info.plist;
				LD_RUNPATH_SEARCH_PATHS = "$(inherited) @executable_path/Frameworks";
				PRODUCT_BUNDLE_IDENTIFIER = amychow.Fibonacci;
				PRODUCT_NAME = "$(TARGET_NAME)";
			};
			name = Debug;
		};
		2EB056FA1C1C4D5600834677 /* Release */ = {
			isa = XCBuildConfiguration;
			buildSettings = {
				ASSETCATALOG_COMPILER_APPICON_NAME = AppIcon;
				INFOPLIST_FILE = Fibonacci/Info.plist;
				LD_RUNPATH_SEARCH_PATHS = "$(inherited) @executable_path/Frameworks";
				PRODUCT_BUNDLE_IDENTIFIER = amychow.Fibonacci;
				PRODUCT_NAME = "$(TARGET_NAME)";
			};
			name = Release;
		};
		2EB056FC1C1C4D5600834677 /* Debug */ = {
			isa = XCBuildConfiguration;
			buildSettings = {
				BUNDLE_LOADER = "$(TEST_HOST)";
				INFOPLIST_FILE = FibonacciTests/Info.plist;
				LD_RUNPATH_SEARCH_PATHS = "$(inherited) @executable_path/Frameworks @loader_path/Frameworks";
				PRODUCT_BUNDLE_IDENTIFIER = amychow.FibonacciTests;
				PRODUCT_NAME = "$(TARGET_NAME)";
				TEST_HOST = "$(BUILT_PRODUCTS_DIR)/Fibonacci.app/Fibonacci";
			};
			name = Debug;
		};
		2EB056FD1C1C4D5600834677 /* Release */ = {
			isa = XCBuildConfiguration;
			buildSettings = {
				BUNDLE_LOADER = "$(TEST_HOST)";
				INFOPLIST_FILE = FibonacciTests/Info.plist;
				LD_RUNPATH_SEARCH_PATHS = "$(inherited) @executable_path/Frameworks @loader_path/Frameworks";
				PRODUCT_BUNDLE_IDENTIFIER = amychow.FibonacciTests;
				PRODUCT_NAME = "$(TARGET_NAME)";
				TEST_HOST = "$(BUILT_PRODUCTS_DIR)/Fibonacci.app/Fibonacci";
			};
			name = Release;
		};
/* End XCBuildConfiguration section */

/* Begin XCConfigurationList section */
		2EB056D61C1C4D5600834677 /* Build configuration list for PBXProject "Fibonacci" */ = {
			isa = XCConfigurationList;
			buildConfigurations = (
				2EB056F61C1C4D5600834677 /* Debug */,
				2EB056F71C1C4D5600834677 /* Release */,
			);
			defaultConfigurationIsVisible = 0;
			defaultConfigurationName = Release;
		};
		2EB056F81C1C4D5600834677 /* Build configuration list for PBXNativeTarget "Fibonacci" */ = {
			isa = XCConfigurationList;
			buildConfigurations = (
				2EB056F91C1C4D5600834677 /* Debug */,
				2EB056FA1C1C4D5600834677 /* Release */,
			);
			defaultConfigurationIsVisible = 0;
			defaultConfigurationName = Release;
		};
		2EB056FB1C1C4D5600834677 /* Build configuration list for PBXNativeTarget "FibonacciTests" */ = {
			isa = XCConfigurationList;
			buildConfigurations = (
				2EB056FC1C1C4D5600834677 /* Debug */,
				2EB056FD1C1C4D5600834677 /* Release */,
			);
			defaultConfigurationIsVisible = 0;
			defaultConfigurationName = Release;
		};
/* End XCConfigurationList section */
	};
	rootObject = 2EB056D31C1C4D5600834677 /* Project object */;
}
